<?xml version="1.0" encoding="utf-8"?>
<Project ToolsVersion="4.0" xmlns="http://schemas.microsoft.com/developer/msbuild/2003">
  <ItemGroup>
    <Filter Include="Исходные файлы">
      <UniqueIdentifier>{4FC737F1-C7A5-4376-A066-2A32D752A2FF}</UniqueIdentifier>
      <Extensions>cpp;c;cc;cxx;c++;cppm;ixx;def;odl;idl;hpj;bat;asm;asmx</Extensions>
    </Filter>
    <Filter Include="Файлы заголовков">
      <UniqueIdentifier>{93995380-89BD-4b04-88EB-625FBE52EBFB}</UniqueIdentifier>
      <Extensions>h;hh;hpp;hxx;h++;hm;inl;inc;ipp;xsd</Extensions>
    </Filter>
    <Filter Include="Файлы ресурсов">
      <UniqueIdentifier>{67DA6AB6-F800-4c08-8B7A-83BB121AAD01}</UniqueIdentifier>
      <Extensions>rc;ico;cur;bmp;dlg;rc2;rct;bin;rgs;gif;jpg;jpeg;jpe;resx;tiff;tif;png;wav;mfcribbon-ms</Extensions>
    </Filter>
  </ItemGroup>
  <ItemGroup>
    <ClCompile Include="main.cpp">
      <Filter>Исходные файлы</Filter>
    </ClCompile>
    <ClCompile Include="Sources\Data.cpp">
      <Filter>Исходные файлы</Filter>
    </ClCompile>
    <ClCompile Include="Sources\Cell.cpp">
      <Filter>Исходные файлы</Filter>
    </ClCompile>
    <ClCompile Include="Sources\Convertor.cpp">
      <Filter>Исходные файлы</Filter>
    </ClCompile>
    <ClCompile Include="Sources\Storage.cpp">
      <Filter>Исходные файлы</Filter>
    </ClCompile>
    <ClCompile Include="Sources\Generator.cpp">
      <Filter>Исходные файлы</Filter>
    </ClCompile>
    <ClCompile Include="Sources\Game.cpp">
      <Filter>Исходные файлы</Filter>
    </ClCompile>
  </ItemGroup>
  <ItemGroup>
    <ClInclude Include="Headers\Storage.hpp">
      <Filter>Файлы заголовков</Filter>
    </ClInclude>
    <ClInclude Include="Headers\Generator.hpp">
      <Filter>Файлы заголовков</Filter>
    </ClInclude>
    <ClInclude Include="Headers\Game.hpp">
      <Filter>Файлы заголовков</Filter>
    </ClInclude>
    <ClInclude Include="Headers\Cell.hpp">
      <Filter>Файлы заголовков</Filter>
    </ClInclude>
    <ClInclude Include="Headers\Data.hpp">
      <Filter>Файлы заголовков</Filter>
    </ClInclude>
    <ClInclude Include="Headers\Converter.hpp">
      <Filter>Файлы заголовков</Filter>
    </ClInclude>
  </ItemGroup>
  <ItemGroup>
    <None Include="storage.json" />
  </ItemGroup>
  <ItemGroup>
    <Image Include="Resources\A.png">
      <Filter>Файлы ресурсов</Filter>
    </Image>
    <Image Include="Resources\B.png">
      <Filter>Файлы ресурсов</Filter>
    </Image>
    <Image Include="Resources\C.png">
      <Filter>Файлы ресурсов</Filter>
    </Image>
    <Image Include="Resources\D.png">
      <Filter>Файлы ресурсов</Filter>
    </Image>
    <Image Include="Resources\E.png">
      <Filter>Файлы ресурсов</Filter>
    </Image>
    <Image Include="Resources\F.png">
      <Filter>Файлы ресурсов</Filter>
    </Image>
    <Image Include="Resources\G.png">
      <Filter>Файлы ресурсов</Filter>
    </Image>
    <Image Include="Resources\H.png">
      <Filter>Файлы ресурсов</Filter>
    </Image>
    <Image Include="Resources\I.png">
      <Filter>Файлы ресурсов</Filter>
    </Image>
    <Image Include="Resources\J.png">
      <Filter>Файлы ресурсов</Filter>
    </Image>
    <Image Include="Resources\K.png">
      <Filter>Файлы ресурсов</Filter>
    </Image>
    <Image Include="Resources\L.png">
      <Filter>Файлы ресурсов</Filter>
    </Image>
    <Image Include="Resources\M.png">
      <Filter>Файлы ресурсов</Filter>
    </Image>
    <Image Include="Resources\N.png">
      <Filter>Файлы ресурсов</Filter>
    </Image>
    <Image Include="Resources\O.png">
      <Filter>Файлы ресурсов</Filter>
    </Image>
    <Image Include="Resources\P.png">
      <Filter>Файлы ресурсов</Filter>
    </Image>
    <Image Include="Resources\Q.png">
      <Filter>Файлы ресурсов</Filter>
    </Image>
    <Image Include="Resources\R.png">
      <Filter>Файлы ресурсов</Filter>
    </Image>
    <Image Include="Resources\S.png">
      <Filter>Файлы ресурсов</Filter>
    </Image>
    <Image Include="Resources\T.png">
      <Filter>Файлы ресурсов</Filter>
    </Image>
    <Image Include="Resources\U.png">
      <Filter>Файлы ресурсов</Filter>
    </Image>
    <Image Include="Resources\V.png">
      <Filter>Файлы ресурсов</Filter>
    </Image>
    <Image Include="Resources\W.png">
      <Filter>Файлы ресурсов</Filter>
    </Image>
    <Image Include="Resources\X.png">
      <Filter>Файлы ресурсов</Filter>
    </Image>
    <Image Include="Resources\Y.png">
      <Filter>Файлы ресурсов</Filter>
    </Image>
    <Image Include="Resources\Z.png">
      <Filter>Файлы ресурсов</Filter>
    </Image>
    <Image Include="Resources\EMPTY.png">
      <Filter>Файлы ресурсов</Filter>
    </Image>
    <Image Include="Resources\LOSS.png">
      <Filter>Файлы ресурсов</Filter>
    </Image>
    <Image Include="Resources\WIN.png">
      <Filter>Файлы ресурсов</Filter>
    </Image>
    <Image Include="Resources\А.png">
      <Filter>Файлы ресурсов</Filter>
    </Image>
    <Image Include="Resources\Б.png">
      <Filter>Файлы ресурсов</Filter>
    </Image>
    <Image Include="Resources\В.png">
      <Filter>Файлы ресурсов</Filter>
    </Image>
    <Image Include="Resources\Г.png">
      <Filter>Файлы ресурсов</Filter>
    </Image>
    <Image Include="Resources\Д.png">
      <Filter>Файлы ресурсов</Filter>
    </Image>
    <Image Include="Resources\Е.png">
      <Filter>Файлы ресурсов</Filter>
    </Image>
    <Image Include="Resources\Ж.png">
      <Filter>Файлы ресурсов</Filter>
    </Image>
    <Image Include="Resources\З.png">
      <Filter>Файлы ресурсов</Filter>
    </Image>
    <Image Include="Resources\И.png">
      <Filter>Файлы ресурсов</Filter>
    </Image>
    <Image Include="Resources\Й.png">
      <Filter>Файлы ресурсов</Filter>
    </Image>
    <Image Include="Resources\К.png">
      <Filter>Файлы ресурсов</Filter>
    </Image>
    <Image Include="Resources\Л.png">
      <Filter>Файлы ресурсов</Filter>
    </Image>
    <Image Include="Resources\М.png">
      <Filter>Файлы ресурсов</Filter>
    </Image>
    <Image Include="Resources\Н.png">
      <Filter>Файлы ресурсов</Filter>
    </Image>
    <Image Include="Resources\О.png">
      <Filter>Файлы ресурсов</Filter>
    </Image>
    <Image Include="Resources\П.png">
      <Filter>Файлы ресурсов</Filter>
    </Image>
    <Image Include="Resources\Р.png">
      <Filter>Файлы ресурсов</Filter>
    </Image>
    <Image Include="Resources\С.png">
      <Filter>Файлы ресурсов</Filter>
    </Image>
    <Image Include="Resources\Т.png">
      <Filter>Файлы ресурсов</Filter>
    </Image>
    <Image Include="Resources\У.png">
      <Filter>Файлы ресурсов</Filter>
    </Image>
    <Image Include="Resources\Ф.png">
      <Filter>Файлы ресурсов</Filter>
    </Image>
    <Image Include="Resources\Х.png">
      <Filter>Файлы ресурсов</Filter>
    </Image>
    <Image Include="Resources\Ц.png">
      <Filter>Файлы ресурсов</Filter>
    </Image>
    <Image Include="Resources\Ч.png">
      <Filter>Файлы ресурсов</Filter>
    </Image>
    <Image Include="Resources\Ш.png">
      <Filter>Файлы ресурсов</Filter>
    </Image>
    <Image Include="Resources\Щ.png">
      <Filter>Файлы ресурсов</Filter>
    </Image>
    <Image Include="Resources\Ъ.png">
      <Filter>Файлы ресурсов</Filter>
    </Image>
    <Image Include="Resources\Ы.png">
      <Filter>Файлы ресурсов</Filter>
    </Image>
    <Image Include="Resources\Ь.png">
      <Filter>Файлы ресурсов</Filter>
    </Image>
    <Image Include="Resources\Э.png">
      <Filter>Файлы ресурсов</Filter>
    </Image>
    <Image Include="Resources\Ю.png">
      <Filter>Файлы ресурсов</Filter>
    </Image>
    <Image Include="Resources\Я.png">
      <Filter>Файлы ресурсов</Filter>
    </Image>
  </ItemGroup>
</Project>